
Microsoft Visual Studio Solution File, Format Version 12.00
# Visual Studio Version 17
VisualStudioVersion = 17.5.002.0
MinimumVisualStudioVersion = 10.0.40219.1
Project("{9A19103F-16F7-4668-BE54-9A1E7A4F7556}") = "API", "API\API.csproj", "{B86C567D-4F72-4667-B995-3EF5BFD00AC2}"
EndProject
Project("{9A19103F-16F7-4668-BE54-9A1E7A4F7556}") = "Infrastructure", "Infrastructure\Infrastructure.csproj", "{705E9A45-DA46-49ED-95F4-26390FA982E8}"
EndProject
Project("{FAE04EC0-301F-11D3-BF4B-00C04F79EFBC}") = "Domain", "Domain\Domain.csproj", "{7DD9C3D5-452E-4C6E-910D-CB61260B2E99}"
EndProject
Project("{FAE04EC0-301F-11D3-BF4B-00C04F79EFBC}") = "Models", "Models\Models.csproj", "{22F65F94-DA59-4226-AA5E-37FF7B942CB6}"
EndProject
Project("{FAE04EC0-301F-11D3-BF4B-00C04F79EFBC}") = "Application", "Application\Application.csproj", "{6D4F18FB-29BB-4946-BA98-B1146718997A}"
EndProject
Global
	GlobalSection(SolutionConfigurationPlatforms) = preSolution
		Debug|Any CPU = Debug|Any CPU
		Release|Any CPU = Release|Any CPU
	EndGlobalSection
	GlobalSection(ProjectConfigurationPlatforms) = postSolution
		{B86C567D-4F72-4667-B995-3EF5BFD00AC2}.Debug|Any CPU.ActiveCfg = Debug|Any CPU
		{B86C567D-4F72-4667-B995-3EF5BFD00AC2}.Debug|Any CPU.Build.0 = Debug|Any CPU
		{B86C567D-4F72-4667-B995-3EF5BFD00AC2}.Release|Any CPU.ActiveCfg = Release|Any CPU
		{B86C567D-4F72-4667-B995-3EF5BFD00AC2}.Release|Any CPU.Build.0 = Release|Any CPU
		{705E9A45-DA46-49ED-95F4-26390FA982E8}.Debug|Any CPU.ActiveCfg = Debug|Any CPU
		{705E9A45-DA46-49ED-95F4-26390FA982E8}.Debug|Any CPU.Build.0 = Debug|Any CPU
		{705E9A45-DA46-49ED-95F4-26390FA982E8}.Release|Any CPU.ActiveCfg = Release|Any CPU
		{705E9A45-DA46-49ED-95F4-26390FA982E8}.Release|Any CPU.Build.0 = Release|Any CPU
		{7DD9C3D5-452E-4C6E-910D-CB61260B2E99}.Debug|Any CPU.ActiveCfg = Debug|Any CPU
		{7DD9C3D5-452E-4C6E-910D-CB61260B2E99}.Debug|Any CPU.Build.0 = Debug|Any CPU
		{7DD9C3D5-452E-4C6E-910D-CB61260B2E99}.Release|Any CPU.ActiveCfg = Release|Any CPU
		{7DD9C3D5-452E-4C6E-910D-CB61260B2E99}.Release|Any CPU.Build.0 = Release|Any CPU
		{22F65F94-DA59-4226-AA5E-37FF7B942CB6}.Debug|Any CPU.ActiveCfg = Debug|Any CPU
		{22F65F94-DA59-4226-AA5E-37FF7B942CB6}.Debug|Any CPU.Build.0 = Debug|Any CPU
		{22F65F94-DA59-4226-AA5E-37FF7B942CB6}.Release|Any CPU.ActiveCfg = Release|Any CPU
		{22F65F94-DA59-4226-AA5E-37FF7B942CB6}.Release|Any CPU.Build.0 = Release|Any CPU
		{6D4F18FB-29BB-4946-BA98-B1146718997A}.Debug|Any CPU.ActiveCfg = Debug|Any CPU
		{6D4F18FB-29BB-4946-BA98-B1146718997A}.Debug|Any CPU.Build.0 = Debug|Any CPU
		{6D4F18FB-29BB-4946-BA98-B1146718997A}.Release|Any CPU.ActiveCfg = Release|Any CPU
		{6D4F18FB-29BB-4946-BA98-B1146718997A}.Release|Any CPU.Build.0 = Release|Any CPU
	EndGlobalSection
	GlobalSection(SolutionProperties) = preSolution
		HideSolutionNode = FALSE
	EndGlobalSection
	GlobalSection(ExtensibilityGlobals) = postSolution
		SolutionGuid = {88A0D450-E2E1-43CC-B2E4-A9CB064CE3BF}
	EndGlobalSection
EndGlobal
